# This file is automatically @generated by Wally.
# It is not intended for manual editing.
registry = "test"

[[package]]
name = "firebird702/profileservice"
version = "1.1.0"
dependencies = []

[[package]]
name = "leifstout/networker"
version = "0.3.1"
dependencies = [["Signal", "sleitnick/signal@2.0.3"]]

[[package]]
name = "nguye/werewolf-classroom"
version = "0.1.0"
dependencies = [["Networker", "leifstout/networker@0.3.1"], ["Promise", "roblox/promise@3.5.2"], ["Profileservice", "firebird702/profileservice@1.1.0"]]

[[package]]
name = "roblox/promise"
version = "3.5.2"
dependencies = []

[[package]]
name = "sleitnick/signal"
version = "2.0.3"
dependencies = []
